
Microsoft Visual Studio Solution File, Format Version 12.00
# Visual Studio Version 17
VisualStudioVersion = 17.14.36301.6
MinimumVisualStudioVersion = 10.0.40219.1
Project("{2150E333-8FDC-42A3-9474-1A3956D46DE8}") = "src", "src", "{02EA681E-C7D8-13C7-8484-4AC65E1B71E8}"
EndProject
Project("{2150E333-8FDC-42A3-9474-1A3956D46DE8}") = "tests", "tests", "{E430AD44-F970-4861-AF63-292D3D6276F6}"
EndProject
Project("{FAE04EC0-301F-11D3-BF4B-00C04F79EFBC}") = "CashFlow-API", "src\CashFlow-API\CashFlow-API.csproj", "{46BA2760-BDAE-47FC-ACED-902B4778CFDC}"
EndProject
Project("{FAE04EC0-301F-11D3-BF4B-00C04F79EFBC}") = "CashFlow-Application", "src\CashFlow-Application\CashFlow-Application.csproj", "{B9C2282A-3A70-4B31-9769-F4740A5F81E2}"
EndProject
Project("{FAE04EC0-301F-11D3-BF4B-00C04F79EFBC}") = "CashFlow-Exception", "src\CashFlow-Exception\CashFlow-Exception.csproj", "{56B15E00-3C9E-4BB9-B2E2-CBCC43729F06}"
EndProject
Project("{FAE04EC0-301F-11D3-BF4B-00C04F79EFBC}") = "CashFlow-Communication", "src\CashFlow-Communication\CashFlow-Communication.csproj", "{D66C8FDD-50B0-4E38-A570-8DDC80857FC6}"
EndProject
Project("{FAE04EC0-301F-11D3-BF4B-00C04F79EFBC}") = "CashFlow-Domain", "src\CashFlow-Domain\CashFlow-Domain.csproj", "{6DDF8C9D-C2E7-48F4-984A-C91B41B28ACE}"
EndProject
Project("{FAE04EC0-301F-11D3-BF4B-00C04F79EFBC}") = "CashFlow-Infrastructure", "src\CashFlow-Infrastructure\CashFlow-Infrastructure.csproj", "{9092FD2D-F495-469E-AEB4-9F5DF27DFDC8}"
EndProject
Project("{FAE04EC0-301F-11D3-BF4B-00C04F79EFBC}") = "Validators.Tests", "tests\Validators.Tests\Validators.Tests.csproj", "{19D94754-9959-4EA7-A6F8-6B920D9A4DFA}"
EndProject
Project("{FAE04EC0-301F-11D3-BF4B-00C04F79EFBC}") = "CommonTestUtilities", "tests\CommonTestUtilities\CommonTestUtilities.csproj", "{41EB917C-BD7C-4EE0-8A21-7D320690CEE7}"
EndProject
Global
	GlobalSection(SolutionConfigurationPlatforms) = preSolution
		Debug|Any CPU = Debug|Any CPU
		Release|Any CPU = Release|Any CPU
	EndGlobalSection
	GlobalSection(ProjectConfigurationPlatforms) = postSolution
		{46BA2760-BDAE-47FC-ACED-902B4778CFDC}.Debug|Any CPU.ActiveCfg = Debug|Any CPU
		{46BA2760-BDAE-47FC-ACED-902B4778CFDC}.Debug|Any CPU.Build.0 = Debug|Any CPU
		{46BA2760-BDAE-47FC-ACED-902B4778CFDC}.Release|Any CPU.ActiveCfg = Release|Any CPU
		{46BA2760-BDAE-47FC-ACED-902B4778CFDC}.Release|Any CPU.Build.0 = Release|Any CPU
		{B9C2282A-3A70-4B31-9769-F4740A5F81E2}.Debug|Any CPU.ActiveCfg = Debug|Any CPU
		{B9C2282A-3A70-4B31-9769-F4740A5F81E2}.Debug|Any CPU.Build.0 = Debug|Any CPU
		{B9C2282A-3A70-4B31-9769-F4740A5F81E2}.Release|Any CPU.ActiveCfg = Release|Any CPU
		{B9C2282A-3A70-4B31-9769-F4740A5F81E2}.Release|Any CPU.Build.0 = Release|Any CPU
		{56B15E00-3C9E-4BB9-B2E2-CBCC43729F06}.Debug|Any CPU.ActiveCfg = Debug|Any CPU
		{56B15E00-3C9E-4BB9-B2E2-CBCC43729F06}.Debug|Any CPU.Build.0 = Debug|Any CPU
		{56B15E00-3C9E-4BB9-B2E2-CBCC43729F06}.Release|Any CPU.ActiveCfg = Release|Any CPU
		{56B15E00-3C9E-4BB9-B2E2-CBCC43729F06}.Release|Any CPU.Build.0 = Release|Any CPU
		{D66C8FDD-50B0-4E38-A570-8DDC80857FC6}.Debug|Any CPU.ActiveCfg = Debug|Any CPU
		{D66C8FDD-50B0-4E38-A570-8DDC80857FC6}.Debug|Any CPU.Build.0 = Debug|Any CPU
		{D66C8FDD-50B0-4E38-A570-8DDC80857FC6}.Release|Any CPU.ActiveCfg = Release|Any CPU
		{D66C8FDD-50B0-4E38-A570-8DDC80857FC6}.Release|Any CPU.Build.0 = Release|Any CPU
		{6DDF8C9D-C2E7-48F4-984A-C91B41B28ACE}.Debug|Any CPU.ActiveCfg = Debug|Any CPU
		{6DDF8C9D-C2E7-48F4-984A-C91B41B28ACE}.Debug|Any CPU.Build.0 = Debug|Any CPU
		{6DDF8C9D-C2E7-48F4-984A-C91B41B28ACE}.Release|Any CPU.ActiveCfg = Release|Any CPU
		{6DDF8C9D-C2E7-48F4-984A-C91B41B28ACE}.Release|Any CPU.Build.0 = Release|Any CPU
		{9092FD2D-F495-469E-AEB4-9F5DF27DFDC8}.Debug|Any CPU.ActiveCfg = Debug|Any CPU
		{9092FD2D-F495-469E-AEB4-9F5DF27DFDC8}.Debug|Any CPU.Build.0 = Debug|Any CPU
		{9092FD2D-F495-469E-AEB4-9F5DF27DFDC8}.Release|Any CPU.ActiveCfg = Release|Any CPU
		{9092FD2D-F495-469E-AEB4-9F5DF27DFDC8}.Release|Any CPU.Build.0 = Release|Any CPU
		{19D94754-9959-4EA7-A6F8-6B920D9A4DFA}.Debug|Any CPU.ActiveCfg = Debug|Any CPU
		{19D94754-9959-4EA7-A6F8-6B920D9A4DFA}.Debug|Any CPU.Build.0 = Debug|Any CPU
		{19D94754-9959-4EA7-A6F8-6B920D9A4DFA}.Release|Any CPU.ActiveCfg = Release|Any CPU
		{19D94754-9959-4EA7-A6F8-6B920D9A4DFA}.Release|Any CPU.Build.0 = Release|Any CPU
		{41EB917C-BD7C-4EE0-8A21-7D320690CEE7}.Debug|Any CPU.ActiveCfg = Debug|Any CPU
		{41EB917C-BD7C-4EE0-8A21-7D320690CEE7}.Debug|Any CPU.Build.0 = Debug|Any CPU
		{41EB917C-BD7C-4EE0-8A21-7D320690CEE7}.Release|Any CPU.ActiveCfg = Release|Any CPU
		{41EB917C-BD7C-4EE0-8A21-7D320690CEE7}.Release|Any CPU.Build.0 = Release|Any CPU
	EndGlobalSection
	GlobalSection(SolutionProperties) = preSolution
		HideSolutionNode = FALSE
	EndGlobalSection
	GlobalSection(NestedProjects) = preSolution
		{46BA2760-BDAE-47FC-ACED-902B4778CFDC} = {02EA681E-C7D8-13C7-8484-4AC65E1B71E8}
		{B9C2282A-3A70-4B31-9769-F4740A5F81E2} = {02EA681E-C7D8-13C7-8484-4AC65E1B71E8}
		{56B15E00-3C9E-4BB9-B2E2-CBCC43729F06} = {02EA681E-C7D8-13C7-8484-4AC65E1B71E8}
		{D66C8FDD-50B0-4E38-A570-8DDC80857FC6} = {02EA681E-C7D8-13C7-8484-4AC65E1B71E8}
		{6DDF8C9D-C2E7-48F4-984A-C91B41B28ACE} = {02EA681E-C7D8-13C7-8484-4AC65E1B71E8}
		{9092FD2D-F495-469E-AEB4-9F5DF27DFDC8} = {02EA681E-C7D8-13C7-8484-4AC65E1B71E8}
		{19D94754-9959-4EA7-A6F8-6B920D9A4DFA} = {E430AD44-F970-4861-AF63-292D3D6276F6}
		{41EB917C-BD7C-4EE0-8A21-7D320690CEE7} = {E430AD44-F970-4861-AF63-292D3D6276F6}
	EndGlobalSection
	GlobalSection(ExtensibilityGlobals) = postSolution
		SolutionGuid = {8A4D5D18-EE60-4D4A-A8ED-EE7C92EF18E1}
	EndGlobalSection
EndGlobal
